
Microsoft Visual Studio Solution File, Format Version 12.00
# Visual Studio Version 16
VisualStudioVersion = 16.0.31112.23
MinimumVisualStudioVersion = 10.0.40219.1
Project("{FAE04EC0-301F-11D3-BF4B-00C04F79EFBC}") = "TPARCHIPERCEPTRON", "TPARCHIPERCEPTRON\TPARCHIPERCEPTRON.csproj", "{5A96AB05-A515-40C2-8324-0B8F443D2351}"
EndProject
Project("{FAE04EC0-301F-11D3-BF4B-00C04F79EFBC}") = "ControleUtilisateurPerceptron", "ControleUtilisateurPerceptron\ControleUtilisateurPerceptron.csproj", "{DC1203D2-E701-4403-9818-F924283518C2}"
EndProject
Global
	GlobalSection(SolutionConfigurationPlatforms) = preSolution
		Debug|Any CPU = Debug|Any CPU
		Debug|x86 = Debug|x86
		Release|Any CPU = Release|Any CPU
		Release|x86 = Release|x86
	EndGlobalSection
	GlobalSection(ProjectConfigurationPlatforms) = postSolution
		{5A96AB05-A515-40C2-8324-0B8F443D2351}.Debug|Any CPU.ActiveCfg = Debug|x86
		{5A96AB05-A515-40C2-8324-0B8F443D2351}.Debug|x86.ActiveCfg = Debug|x86
		{5A96AB05-A515-40C2-8324-0B8F443D2351}.Debug|x86.Build.0 = Debug|x86
		{5A96AB05-A515-40C2-8324-0B8F443D2351}.Release|Any CPU.ActiveCfg = Release|x86
		{5A96AB05-A515-40C2-8324-0B8F443D2351}.Release|x86.ActiveCfg = Release|x86
		{5A96AB05-A515-40C2-8324-0B8F443D2351}.Release|x86.Build.0 = Release|x86
		{DC1203D2-E701-4403-9818-F924283518C2}.Debug|Any CPU.ActiveCfg = Debug|Any CPU
		{DC1203D2-E701-4403-9818-F924283518C2}.Debug|Any CPU.Build.0 = Debug|Any CPU
		{DC1203D2-E701-4403-9818-F924283518C2}.Debug|x86.ActiveCfg = Debug|Any CPU
		{DC1203D2-E701-4403-9818-F924283518C2}.Debug|x86.Build.0 = Debug|Any CPU
		{DC1203D2-E701-4403-9818-F924283518C2}.Release|Any CPU.ActiveCfg = Release|Any CPU
		{DC1203D2-E701-4403-9818-F924283518C2}.Release|Any CPU.Build.0 = Release|Any CPU
		{DC1203D2-E701-4403-9818-F924283518C2}.Release|x86.ActiveCfg = Release|Any CPU
		{DC1203D2-E701-4403-9818-F924283518C2}.Release|x86.Build.0 = Release|Any CPU
	EndGlobalSection
	GlobalSection(SolutionProperties) = preSolution
		HideSolutionNode = FALSE
	EndGlobalSection
	GlobalSection(ExtensibilityGlobals) = postSolution
		SolutionGuid = {4EB30717-C46F-44E5-838F-02349DAC7819}
	EndGlobalSection
EndGlobal
